// !$*UTF8*$!
{
	archiveVersion = 1;
	classes = {
	};
	objectVersion = 46;
	objects = {

/* Begin PBXBuildFile section */
		4DB7087B1D5A2262001B5FF2 /* AppDelegate.swift in Sources */ = {isa = PBXBuildFile; fileRef = 4DB7087A1D5A2262001B5FF2 /* AppDelegate.swift */; };
		4DB7087D1D5A2262001B5FF2 /* ViewController.swift in Sources */ = {isa = PBXBuildFile; fileRef = 4DB7087C1D5A2262001B5FF2 /* ViewController.swift */; };
		4DB708801D5A2262001B5FF2 /* Main.storyboard in Resources */ = {isa = PBXBuildFile; fileRef = 4DB7087E1D5A2262001B5FF2 /* Main.storyboard */; };
		4DB708821D5A2262001B5FF2 /* Assets.xcassets in Resources */ = {isa = PBXBuildFile; fileRef = 4DB708811D5A2262001B5FF2 /* Assets.xcassets */; };
		4DB708851D5A2262001B5FF2 /* LaunchScreen.storyboard in Resources */ = {isa = PBXBuildFile; fileRef = 4DB708831D5A2262001B5FF2 /* LaunchScreen.storyboard */; };
/* End PBXBuildFile section */

/* Begin PBXFileReference section */
		4DB708771D5A2262001B5FF2 /* WebServiceDemo.app */ = {isa = PBXFileReference; explicitFileType = wrapper.application; includeInIndex = 0; path = WebServiceDemo.app; sourceTree = BUILT_PRODUCTS_DIR; };
		4DB7087A1D5A2262001B5FF2 /* AppDelegate.swift */ = {isa = PBXFileReference; lastKnownFileType = sourcecode.swift; path = AppDelegate.swift; sourceTree = "<group>"; };
		4DB7087C1D5A2262001B5FF2 /* ViewController.swift */ = {isa = PBXFileReference; lastKnownFileType = sourcecode.swift; path = ViewController.swift; sourceTree = "<group>"; };
		4DB7087F1D5A2262001B5FF2 /* Base */ = {isa = PBXFileReference; lastKnownFileType = file.storyboard; name = Base; path = Base.lproj/Main.storyboard; sourceTree = "<group>"; };
		4DB708811D5A2262001B5FF2 /* Assets.xcassets */ = {isa = PBXFileReference; lastKnownFileType = folder.assetcatalog; path = Assets.xcassets; sourceTree = "<group>"; };
		4DB708841D5A2262001B5FF2 /* Base */ = {isa = PBXFileReference; lastKnownFileType = file.storyboard; name = Base; path = Base.lproj/LaunchScreen.storyboard; sourceTree = "<group>"; };
		4DB708861D5A2262001B5FF2 /* Info.plist */ = {isa = PBXFileReference; lastKnownFileType = text.plist.xml; path = Info.plist; sourceTree = "<group>"; };
/* End PBXFileReference section */

/* Begin PBXFrameworksBuildPhase section */
		4DB708741D5A2262001B5FF2 /* Frameworks */ = {
			isa = PBXFrameworksBuildPhase;
			buildActionMask = 2147483647;
			files = (
			);
			runOnlyForDeploymentPostprocessing = 0;
		};
/* End PBXFrameworksBuildPhase section */

/* Begin PBXGroup section */
		4DB7086E1D5A2262001B5FF2 = {
			isa = PBXGroup;
			children = (
				4DB708791D5A2262001B5FF2 /* WebServiceDemo */,
				4DB708781D5A2262001B5FF2 /* Products */,
			);
			sourceTree = "<group>";
		};
		4DB708781D5A2262001B5FF2 /* Products */ = {
			isa = PBXGroup;
			children = (
				4DB708771D5A2262001B5FF2 /* WebServiceDemo.app */,
			);
			name = Products;
			sourceTree = "<group>";
		};
		4DB708791D5A2262001B5FF2 /* WebServiceDemo */ = {
			isa = PBXGroup;
			children = (
				4DB7087A1D5A2262001B5FF2 /* AppDelegate.swift */,
				4DB7087C1D5A2262001B5FF2 /* ViewController.swift */,
				4DB7087E1D5A2262001B5FF2 /* Main.storyboard */,
				4DB708811D5A2262001B5FF2 /* Assets.xcassets */,
				4DB708831D5A2262001B5FF2 /* LaunchScreen.storyboard */,
				4DB708861D5A2262001B5FF2 /* Info.plist */,
			);
			path = WebServiceDemo;
			sourceTree = "<group>";
		};
/* End PBXGroup section */

/* Begin PBXNativeTarget section */
		4DB708761D5A2262001B5FF2 /* WebServiceDemo */ = {
			isa = PBXNativeTarget;
			buildConfigurationList = 4DB708891D5A2262001B5FF2 /* Build configuration list for PBXNativeTarget "WebServiceDemo" */;
			buildPhases = (
				4DB708731D5A2262001B5FF2 /* Sources */,
				4DB708741D5A2262001B5FF2 /* Frameworks */,
				4DB708751D5A2262001B5FF2 /* Resources */,
			);
			buildRules = (
			);
			dependencies = (
			);
			name = WebServiceDemo;
			productName = WebServiceDemo;
			productReference = 4DB708771D5A2262001B5FF2 /* WebServiceDemo.app */;
			productType = "com.apple.product-type.application";
		};
/* End PBXNativeTarget section */

/* Begin PBXProject section */
		4DB7086F1D5A2262001B5FF2 /* Project object */ = {
			isa = PBXProject;
			attributes = {
				LastSwiftUpdateCheck = 0730;
				LastUpgradeCheck = 0730;
				ORGANIZATIONNAME = Mausam;
				TargetAttributes = {
					4DB708761D5A2262001B5FF2 = {
						CreatedOnToolsVersion = 7.3.1;
					};
				};
			};
			buildConfigurationList = 4DB708721D5A2262001B5FF2 /* Build configuration list for PBXProject "WebServiceDemo" */;
			compatibilityVersion = "Xcode 3.2";
			developmentRegion = English;
			hasScannedForEncodings = 0;
			knownRegions = (
				en,
				Base,
			);
			mainGroup = 4DB7086E1D5A2262001B5FF2;
			productRefGroup = 4DB708781D5A2262001B5FF2 /* Products */;
			projectDirPath = "";
			projectRoot = "";
			targets = (
				4DB708761D5A2262001B5FF2 /* WebServiceDemo */,
			);
		};
/* End PBXProject section */

/* Begin PBXResourcesBuildPhase section */
		4DB708751D5A2262001B5FF2 /* Resources */ = {
			isa = PBXResourcesBuildPhase;
			buildActionMask = 2147483647;
			files = (
				4DB708851D5A2262001B5FF2 /* LaunchScreen.storyboard in Resources */,
				4DB708821D5A2262001B5FF2 /* Assets.xcassets in Resources */,
				4DB708801D5A2262001B5FF2 /* Main.storyboard in Resources */,
			);
			runOnlyForDeploymentPostprocessing = 0;
		};
/* End PBXResourcesBuildPhase section */

/* Begin PBXSourcesBuildPhase section */
		4DB708731D5A2262001B5FF2 /* Sources */ = {
			isa = PBXSourcesBuildPhase;
			buildActionMask = 2147483647;
			files = (
				4DB7087D1D5A2262001B5FF2 /* ViewController.swift in Sources */,
				4DB7087B1D5A2262001B5FF2 /* AppDelegate.swift in Sources */,
			);
			runOnlyForDeploymentPostprocessing = 0;
		};
/* End PBXSourcesBuildPhase section */

/* Begin PBXVariantGroup section */
		4DB7087E1D5A2262001B5FF2 /* Main.storyboard */ = {
			isa = PBXVariantGroup;
			children = (
				4DB7087F1D5A2262001B5FF2 /* Base */,
			);
			name = Main.storyboard;
			sourceTree = "<group>";
		};
		4DB708831D5A2262001B5FF2 /* LaunchScreen.storyboard */ = {
			isa = PBXVariantGroup;
			children = (
				4DB708841D5A2262001B5FF2 /* Base */,
			);
			name = LaunchScreen.storyboard;
			sourceTree = "<group>";
		};
/* End PBXVariantGroup section */

/* Begin XCBuildConfiguration section */
		4DB708871D5A2262001B5FF2 /* Debug */ = {
			isa = XCBuildConfiguration;
			buildSettings = {
				ALWAYS_SEARCH_USER_PATHS = NO;
				CLANG_ANALYZER_NONNULL = YES;
				CLANG_CXX_LANGUAGE_STANDARD = "gnu++0x";
				CLANG_CXX_LIBRARY = "libc++";
				CLANG_ENABLE_MODULES = YES;
				CLANG_ENABLE_OBJC_ARC = YES;
				CLANG_WARN_BOOL_CONVERSION = YES;
				CLANG_WARN_CONSTANT_CONVERSION = YES;
				CLANG_WARN_DIRECT_OBJC_ISA_USAGE = YES_ERROR;
				CLANG_WARN_EMPTY_BODY = YES;
				CLANG_WARN_ENUM_CONVERSION = YES;
				CLANG_WARN_INT_CONVERSION = YES;
				CLANG_WARN_OBJC_ROOT_CLASS = YES_ERROR;
				CLANG_WARN_UNREACHABLE_CODE = YES;
				CLANG_WARN__DUPLICATE_METHOD_MATCH = YES;
				"CODE_SIGN_IDENTITY[sdk=iphoneos*]" = "iPhone Developer";
				COPY_PHASE_STRIP = NO;
				DEBUG_INFORMATION_FORMAT = dwarf;
				ENABLE_STRICT_OBJC_MSGSEND = YES;
				ENABLE_TESTABILITY = YES;
				GCC_C_LANGUAGE_STANDARD = gnu99;
				GCC_DYNAMIC_NO_PIC = NO;
				GCC_NO_COMMON_BLOCKS = YES;
				GCC_OPTIMIZATION_LEVEL = 0;
				GCC_PREPROCESSOR_DEFINITIONS = (
					"DEBUG=1",
					"$(inherited)",
				);
				GCC_WARN_64_TO_32_BIT_CONVERSION = YES;
				GCC_WARN_ABOUT_RETURN_TYPE = YES_ERROR;
				GCC_WARN_UNDECLARED_SELECTOR = YES;
				GCC_WARN_UNINITIALIZED_AUTOS = YES_AGGRESSIVE;
				GCC_WARN_UNUSED_FUNCTION = YES;
				GCC_WARN_UNUSED_VARIABLE = YES;
				IPHONEOS_DEPLOYMENT_TARGET = 9.3;
				MTL_ENABLE_DEBUG_INFO = YES;
				ONLY_ACTIVE_ARCH = YES;
				SDKROOT = iphoneos;
				SWIFT_OPTIMIZATION_LEVEL = "-Onone";
				TARGETED_DEVICE_FAMILY = "1,2";
			};
			name = Debug;
		};
		4DB708881D5A2262001B5FF2 /* Release */ = {
			isa = XCBuildConfiguration;
			buildSettings = {
				ALWAYS_SEARCH_USER_PATHS = NO;
				CLANG_ANALYZER_NONNULL = YES;
				CLANG_CXX_LANGUAGE_STANDARD = "gnu++0x";
				CLANG_CXX_LIBRARY = "libc++";
				CLANG_ENABLE_MODULES = YES;
				CLANG_ENABLE_OBJC_ARC = YES;
				CLANG_WARN_BOOL_CONVERSION = YES;
				CLANG_WARN_CONSTANT_CONVERSION = YES;
				CLANG_WARN_DIRECT_OBJC_ISA_USAGE = YES_ERROR;
				CLANG_WARN_EMPTY_BODY = YES;
				CLANG_WARN_ENUM_CONVERSION = YES;
				CLANG_WARN_INT_CONVERSION = YES;
				CLANG_WARN_OBJC_ROOT_CLASS = YES_ERROR;
				CLANG_WARN_UNREACHABLE_CODE = YES;
				CLANG_WARN__DUPLICATE_METHOD_MATCH = YES;
				"CODE_SIGN_IDENTITY[sdk=iphoneos*]" = "iPhone Developer";
				COPY_PHASE_STRIP = NO;
				DEBUG_INFORMATION_FORMAT = "dwarf-with-dsym";
				ENABLE_NS_ASSERTIONS = NO;
				ENABLE_STRICT_OBJC_MSGSEND = YES;
				GCC_C_LANGUAGE_STANDARD = gnu99;
				GCC_NO_COMMON_BLOCKS = YES;
				GCC_WARN_64_TO_32_BIT_CONVERSION = YES;
				GCC_WARN_ABOUT_RETURN_TYPE = YES_ERROR;
				GCC_WARN_UNDECLARED_SELECTOR = YES;
				GCC_WARN_UNINITIALIZED_AUTOS = YES_AGGRESSIVE;
				GCC_WARN_UNUSED_FUNCTION = YES;
				GCC_WARN_UNUSED_VARIABLE = YES;
				IPHONEOS_DEPLOYMENT_TARGET = 9.3;
				MTL_ENABLE_DEBUG_INFO = NO;
				SDKROOT = iphoneos;
				TARGETED_DEVICE_FAMILY = "1,2";
				VALIDATE_PRODUCT = YES;
			};
			name = Release;
		};
		4DB7088A1D5A2262001B5FF2 /* Debug */ = {
			isa = XCBuildConfiguration;
			buildSettings = {
				ASSETCATALOG_COMPILER_APPICON_NAME = AppIcon;
				INFOPLIST_FILE = WebServiceDemo/Info.plist;
				LD_RUNPATH_SEARCH_PATHS = "$(inherited) @executable_path/Frameworks";
				PRODUCT_BUNDLE_IDENTIFIER = com.example.mausam.WebServiceDemo;
				PRODUCT_NAME = "$(TARGET_NAME)";
			};
			name = Debug;
		};
		4DB7088B1D5A2262001B5FF2 /* Release */ = {
			isa = XCBuildConfiguration;
			buildSettings = {
				ASSETCATALOG_COMPILER_APPICON_NAME = AppIcon;
				INFOPLIST_FILE = WebServiceDemo/Info.plist;
				LD_RUNPATH_SEARCH_PATHS = "$(inherited) @executable_path/Frameworks";
				PRODUCT_BUNDLE_IDENTIFIER = com.example.mausam.WebServiceDemo;
				PRODUCT_NAME = "$(TARGET_NAME)";
			};
			name = Release;
		};
/* End XCBuildConfiguration section */

/* Begin XCConfigurationList section */
		4DB708721D5A2262001B5FF2 /* Build configuration list for PBXProject "WebServiceDemo" */ = {
			isa = XCConfigurationList;
			buildConfigurations = (
				4DB708871D5A2262001B5FF2 /* Debug */,
				4DB708881D5A2262001B5FF2 /* Release */,
			);
			defaultConfigurationIsVisible = 0;
			defaultConfigurationName = Release;
		};
		4DB708891D5A2262001B5FF2 /* Build configuration list for PBXNativeTarget "WebServiceDemo" */ = {
			isa = XCConfigurationList;
			buildConfigurations = (
				4DB7088A1D5A2262001B5FF2 /* Debug */,
				4DB7088B1D5A2262001B5FF2 /* Release */,
			);
			defaultConfigurationIsVisible = 0;
		};
/* End XCConfigurationList section */
	};
	rootObject = 4DB7086F1D5A2262001B5FF2 /* Project object */;
}
